{
	"requires": true,
	"lockfileVersion": 1,
	"dependencies": {
		"disect": {
			"version": "1.1.1",
			"resolved": "https://registry.npmjs.org/disect/-/disect-1.1.1.tgz",
			"integrity": "sha1-srUg+rcgq+2D7BpB9hl59PMYrKc="
		},
		"tokenizer": {
			"version": "1.1.2",
			"resolved": "https://registry.npmjs.org/tokenizer/-/tokenizer-1.1.2.tgz",
			"integrity": "sha1-AFi9wimv+u0FspMzZ1zPU+rjT10=",
			"requires": {
				"disect": "1.1.1"
			}
		}
	}
}
